
Microsoft Visual Studio Solution File, Format Version 12.00
# Visual Studio Version 16
VisualStudioVersion = 16.0.30114.105
MinimumVisualStudioVersion = 10.0.40219.1
Project("{FAE04EC0-301F-11D3-BF4B-00C04F79EFBC}") = "ExemploFundamentos", "ExemploFundamentos\SomethingInCSharp.csproj", "{C76FD070-F527-476D-940B-B6CE17552C41}"
EndProject
Project("{FAE04EC0-301F-11D3-BF4B-00C04F79EFBC}") = "ExemploFundamentos.Common", "ExemploFundamentos.Common\ExemploFundamentos.Common.csproj", "{2D87CC3A-0C63-48DE-9170-564A8E30A61A}"
EndProject
Global
	GlobalSection(SolutionConfigurationPlatforms) = preSolution
		Debug|Any CPU = Debug|Any CPU
		Release|Any CPU = Release|Any CPU
	EndGlobalSection
	GlobalSection(SolutionProperties) = preSolution
		HideSolutionNode = FALSE
	EndGlobalSection
	GlobalSection(ProjectConfigurationPlatforms) = postSolution
		{C76FD070-F527-476D-940B-B6CE17552C41}.Debug|Any CPU.ActiveCfg = Debug|Any CPU
		{C76FD070-F527-476D-940B-B6CE17552C41}.Debug|Any CPU.Build.0 = Debug|Any CPU
		{C76FD070-F527-476D-940B-B6CE17552C41}.Release|Any CPU.ActiveCfg = Release|Any CPU
		{C76FD070-F527-476D-940B-B6CE17552C41}.Release|Any CPU.Build.0 = Release|Any CPU
		{2D87CC3A-0C63-48DE-9170-564A8E30A61A}.Debug|Any CPU.ActiveCfg = Debug|Any CPU
		{2D87CC3A-0C63-48DE-9170-564A8E30A61A}.Debug|Any CPU.Build.0 = Debug|Any CPU
		{2D87CC3A-0C63-48DE-9170-564A8E30A61A}.Release|Any CPU.ActiveCfg = Release|Any CPU
		{2D87CC3A-0C63-48DE-9170-564A8E30A61A}.Release|Any CPU.Build.0 = Release|Any CPU
	EndGlobalSection
EndGlobal
